
Microsoft Visual Studio Solution File, Format Version 12.00
# Visual Studio Version 17
VisualStudioVersion = 17.14.36212.18 d17.14
MinimumVisualStudioVersion = 10.0.40219.1
Project("{FAE04EC0-301F-11D3-BF4B-00C04F79EFBC}") = "Assigment-session4-C#", "session4-C#\Assigment-session4-C#.csproj", "{CD94FB34-2D60-4336-8AB4-C74AF236EE95}"
EndProject
Global
	GlobalSection(SolutionConfigurationPlatforms) = preSolution
		Debug|Any CPU = Debug|Any CPU
		Release|Any CPU = Release|Any CPU
	EndGlobalSection
	GlobalSection(ProjectConfigurationPlatforms) = postSolution
		{CD94FB34-2D60-4336-8AB4-C74AF236EE95}.Debug|Any CPU.ActiveCfg = Debug|Any CPU
		{CD94FB34-2D60-4336-8AB4-C74AF236EE95}.Debug|Any CPU.Build.0 = Debug|Any CPU
		{CD94FB34-2D60-4336-8AB4-C74AF236EE95}.Release|Any CPU.ActiveCfg = Release|Any CPU
		{CD94FB34-2D60-4336-8AB4-C74AF236EE95}.Release|Any CPU.Build.0 = Release|Any CPU
	EndGlobalSection
	GlobalSection(SolutionProperties) = preSolution
		HideSolutionNode = FALSE
	EndGlobalSection
	GlobalSection(ExtensibilityGlobals) = postSolution
		SolutionGuid = {1126D7C1-F6FB-495B-B5D8-95C784AF63DF}
	EndGlobalSection
EndGlobal
